<?xml version="1.0" encoding="utf-8"?>
<Project ToolsVersion="4.0" xmlns="http://schemas.microsoft.com/developer/msbuild/2003">
  <ItemGroup>
    <ClCompile Include="..\..\src\SiteResponse\siteLayering.cpp" />
    <ClCompile Include="..\..\src\SiteResponse\soillayer.cpp" />
    <ClCompile Include="..\..\src\SiteResponse\Main.cpp" />
    <ClCompile Include="..\..\src\SiteResponse\FEModel.cpp" />
    <ClCompile Include="..\..\src\SiteResponse\outcropMotion.cpp" />
    <ClCompile Include="..\..\src\Utilities\ConfigManager.cpp">
      <Filter>Utilities</Filter>
    </ClCompile>
    <ClCompile Include="..\..\src\Utilities\DefaultConfig.cpp">
      <Filter>Utilities</Filter>
    </ClCompile>
    <ClCompile Include="..\..\src\Utilities\JsonConfig.cpp">
      <Filter>Utilities</Filter>
    </ClCompile>
    <ClCompile Include="..\..\src\Utilities\GeneralUtilities.cpp">
      <Filter>Utilities</Filter>
    </ClCompile>
    <ClCompile Include="..\..\src\Utilities\JsonReader.cpp">
      <Filter>Utilities</Filter>
    </ClCompile>
  </ItemGroup>
  <ItemGroup>
    <ClInclude Include="..\..\src\SiteResponse\soillayer.h" />
    <ClInclude Include="..\..\src\SiteResponse\siteLayering.h" />
    <ClInclude Include="..\..\src\SiteResponse\FEModel.h" />
    <ClInclude Include="..\..\src\SiteResponse\outcropMotion.h" />
    <ClInclude Include="..\..\src\Utilities\ConfigIO.h">
      <Filter>Utilities</Filter>
    </ClInclude>
    <ClInclude Include="..\..\src\Utilities\ConfigManager.h">
      <Filter>Utilities</Filter>
    </ClInclude>
    <ClInclude Include="..\..\src\Utilities\DefaultConfig.h">
      <Filter>Utilities</Filter>
    </ClInclude>
    <ClInclude Include="..\..\src\Utilities\JsonConfig.h">
      <Filter>Utilities</Filter>
    </ClInclude>
    <ClInclude Include="..\..\src\Utilities\FileReader.h">
      <Filter>Utilities</Filter>
    </ClInclude>
    <ClInclude Include="..\..\src\Utilities\JsonReader.h">
      <Filter>Utilities</Filter>
    </ClInclude>
  </ItemGroup>
  <ItemGroup>
    <Filter Include="Utilities">
      <UniqueIdentifier>{0e0fdfd9-20d9-4594-ab5c-1178b2f404e5}</UniqueIdentifier>
    </Filter>
  </ItemGroup>
</Project>