<?xml version="1.0" encoding="utf-8"?>
<Project ToolsVersion="4.0" xmlns="http://schemas.microsoft.com/developer/msbuild/2003">
  <ItemGroup>
    <ClCompile Include="..\..\SiteResponse\siteLayering.cpp" />
    <ClCompile Include="..\..\SiteResponse\soillayer.cpp" />
    <ClCompile Include="..\..\SiteResponse\Main.cpp" />
    <ClCompile Include="..\..\SiteResponse\FEModel.cpp" />
    <ClCompile Include="..\..\SiteResponse\outcropMotion.cpp" />
    <ClCompile Include="..\..\Utilities\ConfigIO.cpp">
      <Filter>Utilities</Filter>
    </ClCompile>
    <ClCompile Include="..\..\Utilities\ConfigManager.cpp">
      <Filter>Utilities</Filter>
    </ClCompile>
    <ClCompile Include="..\..\Utilities\DefaultConfig.cpp">
      <Filter>Utilities</Filter>
    </ClCompile>
    <ClCompile Include="..\..\Utilities\JsonConfig.cpp">
      <Filter>Utilities</Filter>
    </ClCompile>
    <ClCompile Include="..\..\Utilities\FileReader.cpp">
      <Filter>Utilities</Filter>
    </ClCompile>
    <ClCompile Include="..\..\Utilities\GeneralUtilities.cpp">
      <Filter>Utilities</Filter>
    </ClCompile>
    <ClCompile Include="..\..\Utilities\JsonReader.cpp">
      <Filter>Utilities</Filter>
    </ClCompile>
  </ItemGroup>
  <ItemGroup>
    <ClInclude Include="..\..\SiteResponse\soillayer.h" />
    <ClInclude Include="..\..\SiteResponse\siteLayering.h" />
    <ClInclude Include="..\..\SiteResponse\FEModel.h" />
    <ClInclude Include="..\..\SiteResponse\outcropMotion.h" />
    <ClInclude Include="..\..\Utilities\ConfigIO.h">
      <Filter>Utilities</Filter>
    </ClInclude>
    <ClInclude Include="..\..\Utilities\ConfigManager.h">
      <Filter>Utilities</Filter>
    </ClInclude>
    <ClInclude Include="..\..\Utilities\DefaultConfig.h">
      <Filter>Utilities</Filter>
    </ClInclude>
    <ClInclude Include="..\..\Utilities\JsonConfig.h">
      <Filter>Utilities</Filter>
    </ClInclude>
    <ClInclude Include="..\..\Utilities\FileReader.h">
      <Filter>Utilities</Filter>
    </ClInclude>
    <ClInclude Include="..\..\Utilities\JsonReader.h">
      <Filter>Utilities</Filter>
    </ClInclude>
  </ItemGroup>
  <ItemGroup>
    <Filter Include="Utilities">
      <UniqueIdentifier>{0e0fdfd9-20d9-4594-ab5c-1178b2f404e5}</UniqueIdentifier>
    </Filter>
  </ItemGroup>
</Project>