<?xml version="1.0" encoding="utf-8"?>
<Project ToolsVersion="4.0" xmlns="http://schemas.microsoft.com/developer/msbuild/2003">
  <ItemGroup>
    <Filter Include="FEM">
      <UniqueIdentifier>{61b4fa97-831a-4887-b216-96701709aafa}</UniqueIdentifier>
    </Filter>
  </ItemGroup>
  <ItemGroup>
    <ClCompile Include="..\..\src\FEM\Analysis.cpp">
      <Filter>FEM</Filter>
    </ClCompile>
    <ClCompile Include="..\..\src\FEM\AnalysisModel.cpp">
      <Filter>FEM</Filter>
    </ClCompile>
    <ClCompile Include="..\..\src\FEM\ArrayOfTaggedObjects.cpp">
      <Filter>FEM</Filter>
    </ClCompile>
    <ClCompile Include="..\..\src\FEM\ArrayOfTaggedObjectsIter.cpp">
      <Filter>FEM</Filter>
    </ClCompile>
    <ClCompile Include="..\..\src\FEM\BandGenLinLapackSolver.cpp">
      <Filter>FEM</Filter>
    </ClCompile>
    <ClCompile Include="..\..\src\FEM\BandGenLinSOE.cpp">
      <Filter>FEM</Filter>
    </ClCompile>
    <ClCompile Include="..\..\src\FEM\BandGenLinSolver.cpp">
      <Filter>FEM</Filter>
    </ClCompile>
    <ClCompile Include="..\..\src\FEM\BeamIntegration.cpp">
      <Filter>FEM</Filter>
    </ClCompile>
    <ClCompile Include="..\..\src\FEM\Brick.cpp">
      <Filter>FEM</Filter>
    </ClCompile>
    <ClCompile Include="..\..\src\FEM\Channel.cpp">
      <Filter>FEM</Filter>
    </ClCompile>
    <ClCompile Include="..\..\src\FEM\CompositeResponse.cpp">
      <Filter>FEM</Filter>
    </ClCompile>
    <ClCompile Include="..\..\src\FEM\ConstraintHandler.cpp">
      <Filter>FEM</Filter>
    </ClCompile>
    <ClCompile Include="..\..\src\FEM\ConvergenceTest.cpp">
      <Filter>FEM</Filter>
    </ClCompile>
    <ClCompile Include="..\..\src\FEM\CrdTransf.cpp">
      <Filter>FEM</Filter>
    </ClCompile>
    <ClCompile Include="..\..\src\FEM\CTestNormDispIncr.cpp">
      <Filter>FEM</Filter>
    </ClCompile>
    <ClCompile Include="..\..\src\FEM\DataFileStream.cpp">
      <Filter>FEM</Filter>
    </ClCompile>
    <ClCompile Include="..\..\src\FEM\DataFileStreamAdd.cpp">
      <Filter>FEM</Filter>
    </ClCompile>
    <ClCompile Include="..\..\src\FEM\DirectIntegrationAnalysis.cpp">
      <Filter>FEM</Filter>
    </ClCompile>
    <ClCompile Include="..\..\src\FEM\DOF_Group.cpp">
      <Filter>FEM</Filter>
    </ClCompile>
    <ClCompile Include="..\..\src\FEM\DOF_GrpIter.cpp">
      <Filter>FEM</Filter>
    </ClCompile>
    <ClCompile Include="..\..\src\FEM\DOF_Numberer.cpp">
      <Filter>FEM</Filter>
    </ClCompile>
    <ClCompile Include="..\..\src\FEM\Domain.cpp">
      <Filter>FEM</Filter>
    </ClCompile>
    <ClCompile Include="..\..\src\FEM\DomainComponent.cpp">
      <Filter>FEM</Filter>
    </ClCompile>
    <ClCompile Include="..\..\src\FEM\DummyElementAPI.cpp">
      <Filter>FEM</Filter>
    </ClCompile>
    <ClCompile Include="..\..\src\FEM\DummyStream.cpp">
      <Filter>FEM</Filter>
    </ClCompile>
    <ClCompile Include="..\..\src\FEM\EarthquakePattern.cpp">
      <Filter>FEM</Filter>
    </ClCompile>
    <ClCompile Include="..\..\src\FEM\ElasticIsotropicMaterial.cpp">
      <Filter>FEM</Filter>
    </ClCompile>
    <ClCompile Include="..\..\src\FEM\ElasticIsotropicPlaneStrain2D.cpp">
      <Filter>FEM</Filter>
    </ClCompile>
    <ClCompile Include="..\..\src\FEM\ElasticIsotropicThreeDimensional.cpp">
      <Filter>FEM</Filter>
    </ClCompile>
    <ClCompile Include="..\..\src\FEM\ElasticMaterial.cpp">
      <Filter>FEM</Filter>
    </ClCompile>
    <ClCompile Include="..\..\src\FEM\ElasticSection3d.cpp">
      <Filter>FEM</Filter>
    </ClCompile>
    <ClCompile Include="..\..\src\FEM\Element.cpp">
      <Filter>FEM</Filter>
    </ClCompile>
    <ClCompile Include="..\..\src\FEM\ElementalLoadIter.cpp">
      <Filter>FEM</Filter>
    </ClCompile>
    <ClCompile Include="..\..\src\FEM\ElementRecorder.cpp">
      <Filter>FEM</Filter>
    </ClCompile>
    <ClCompile Include="..\..\src\FEM\ElementResponse.cpp">
      <Filter>FEM</Filter>
    </ClCompile>
    <ClCompile Include="..\..\src\FEM\ElementStateParameter.cpp">
      <Filter>FEM</Filter>
    </ClCompile>
    <ClCompile Include="..\..\src\FEM\EquiSolnAlgo.cpp">
      <Filter>FEM</Filter>
    </ClCompile>
    <ClCompile Include="..\..\src\FEM\ErrorHandler.cpp">
      <Filter>FEM</Filter>
    </ClCompile>
    <ClCompile Include="..\..\src\FEM\FE_EleIter.cpp">
      <Filter>FEM</Filter>
    </ClCompile>
    <ClCompile Include="..\..\src\FEM\FE_Element.cpp">
      <Filter>FEM</Filter>
    </ClCompile>
    <ClCompile Include="..\..\src\FEM\FileStream.cpp">
      <Filter>FEM</Filter>
    </ClCompile>
    <ClCompile Include="..\..\src\FEM\Graph.cpp">
      <Filter>FEM</Filter>
    </ClCompile>
    <ClCompile Include="..\..\src\FEM\GraphNumberer.cpp">
      <Filter>FEM</Filter>
    </ClCompile>
    <ClCompile Include="..\..\src\FEM\GroundMotion.cpp">
      <Filter>FEM</Filter>
    </ClCompile>
    <ClCompile Include="..\..\src\FEM\HHT.cpp">
      <Filter>FEM</Filter>
    </ClCompile>
    <ClCompile Include="..\..\src\FEM\ID.cpp">
      <Filter>FEM</Filter>
    </ClCompile>
    <ClCompile Include="..\..\src\FEM\ImposedMotionSP.cpp">
      <Filter>FEM</Filter>
    </ClCompile>
    <ClCompile Include="..\..\src\FEM\IncrementalIntegrator.cpp">
      <Filter>FEM</Filter>
    </ClCompile>
    <ClCompile Include="..\..\src\FEM\Information.cpp">
      <Filter>FEM</Filter>
    </ClCompile>
    <ClCompile Include="..\..\src\FEM\Integrator.cpp">
      <Filter>FEM</Filter>
    </ClCompile>
    <ClCompile Include="..\..\src\FEM\J2CyclicBoundingSurface.cpp">
      <Filter>FEM</Filter>
    </ClCompile>
    <ClCompile Include="..\..\src\FEM\LegendreBeamIntegration.cpp">
      <Filter>FEM</Filter>
    </ClCompile>
    <ClCompile Include="..\..\src\FEM\LinearCrdTransf3d.cpp">
      <Filter>FEM</Filter>
    </ClCompile>
    <ClCompile Include="..\..\src\FEM\LinearSeries.cpp">
      <Filter>FEM</Filter>
    </ClCompile>
    <ClCompile Include="..\..\src\FEM\LinearSOE.cpp">
      <Filter>FEM</Filter>
    </ClCompile>
    <ClCompile Include="..\..\src\FEM\LinearSOESolver.cpp">
      <Filter>FEM</Filter>
    </ClCompile>
    <ClCompile Include="..\..\src\FEM\Load.cpp">
      <Filter>FEM</Filter>
    </ClCompile>
    <ClCompile Include="..\..\src\FEM\LoadControl.cpp">
      <Filter>FEM</Filter>
    </ClCompile>
    <ClCompile Include="..\..\src\FEM\LoadPattern.cpp">
      <Filter>FEM</Filter>
    </ClCompile>
    <ClCompile Include="..\..\src\FEM\LoadPatternIter.cpp">
      <Filter>FEM</Filter>
    </ClCompile>
    <ClCompile Include="..\..\src\FEM\MapOfTaggedObjects.cpp">
      <Filter>FEM</Filter>
    </ClCompile>
    <ClCompile Include="..\..\src\FEM\MapOfTaggedObjectsIter.cpp">
      <Filter>FEM</Filter>
    </ClCompile>
    <ClCompile Include="..\..\src\FEM\Material.cpp">
      <Filter>FEM</Filter>
    </ClCompile>
    <ClCompile Include="..\..\src\FEM\MaterialResponse.cpp">
      <Filter>FEM</Filter>
    </ClCompile>
    <ClCompile Include="..\..\src\FEM\Matrix.cpp">
      <Filter>FEM</Filter>
    </ClCompile>
    <ClCompile Include="..\..\src\FEM\MatrixUtil.cpp">
      <Filter>FEM</Filter>
    </ClCompile>
    <ClCompile Include="..\..\src\FEM\Message.cpp">
      <Filter>FEM</Filter>
    </ClCompile>
    <ClCompile Include="..\..\src\FEM\MovableObject.cpp">
      <Filter>FEM</Filter>
    </ClCompile>
    <ClCompile Include="..\..\src\FEM\MP_Constraint.cpp">
      <Filter>FEM</Filter>
    </ClCompile>
    <ClCompile Include="..\..\src\FEM\MultiSupportPattern.cpp">
      <Filter>FEM</Filter>
    </ClCompile>
    <ClCompile Include="..\..\src\FEM\NDMaterial.cpp">
      <Filter>FEM</Filter>
    </ClCompile>
    <ClCompile Include="..\..\src\FEM\Newmark.cpp">
      <Filter>FEM</Filter>
    </ClCompile>
    <ClCompile Include="..\..\src\FEM\NewtonRaphson.cpp">
      <Filter>FEM</Filter>
    </ClCompile>
    <ClCompile Include="..\..\src\FEM\NodalLoadIter.cpp">
      <Filter>FEM</Filter>
    </ClCompile>
    <ClCompile Include="..\..\src\FEM\Node.cpp">
      <Filter>FEM</Filter>
    </ClCompile>
    <ClCompile Include="..\..\src\FEM\NodeRecorder.cpp">
      <Filter>FEM</Filter>
    </ClCompile>
    <ClCompile Include="..\..\src\FEM\OPS_Stream.cpp">
      <Filter>FEM</Filter>
    </ClCompile>
    <ClCompile Include="..\..\src\FEM\Parameter.cpp">
      <Filter>FEM</Filter>
    </ClCompile>
    <ClCompile Include="..\..\src\FEM\PathSeries.cpp">
      <Filter>FEM</Filter>
    </ClCompile>
    <ClCompile Include="..\..\src\FEM\PathTimeSeries.cpp">
      <Filter>FEM</Filter>
    </ClCompile>
    <ClCompile Include="..\..\src\FEM\PenaltyConstraintHandler.cpp">
      <Filter>FEM</Filter>
    </ClCompile>
    <ClCompile Include="..\..\src\FEM\PenaltyMP_FE.cpp">
      <Filter>FEM</Filter>
    </ClCompile>
    <ClCompile Include="..\..\src\FEM\PenaltySP_FE.cpp">
      <Filter>FEM</Filter>
    </ClCompile>
    <ClCompile Include="..\..\src\FEM\PlainNumberer.cpp">
      <Filter>FEM</Filter>
    </ClCompile>
    <ClCompile Include="..\..\src\FEM\PM4Sand.cpp">
      <Filter>FEM</Filter>
    </ClCompile>
    <ClCompile Include="..\..\src\FEM\PM4Silt.cpp">
      <Filter>FEM</Filter>
    </ClCompile>
    <ClCompile Include="..\..\src\FEM\PySimple1.cpp">
      <Filter>FEM</Filter>
    </ClCompile>
    <ClCompile Include="..\..\src\FEM\QzSimple1.cpp">
      <Filter>FEM</Filter>
    </ClCompile>
    <ClCompile Include="..\..\src\FEM\RCM.cpp">
      <Filter>FEM</Filter>
    </ClCompile>
    <ClCompile Include="..\..\src\FEM\Recorder.cpp">
      <Filter>FEM</Filter>
    </ClCompile>
    <ClCompile Include="..\..\src\FEM\Response.cpp">
      <Filter>FEM</Filter>
    </ClCompile>
    <ClCompile Include="..\..\src\FEM\SectionForceDeformation.cpp">
      <Filter>FEM</Filter>
    </ClCompile>
    <ClCompile Include="..\..\src\FEM\shp3d.cpp">
      <Filter>FEM</Filter>
    </ClCompile>
    <ClCompile Include="..\..\src\FEM\SimpsonTimeSeriesIntegrator.cpp">
      <Filter>FEM</Filter>
    </ClCompile>
    <ClCompile Include="..\..\src\FEM\SingleDomAllSP_Iter.cpp">
      <Filter>FEM</Filter>
    </ClCompile>
    <ClCompile Include="..\..\src\FEM\SingleDomEleIter.cpp">
      <Filter>FEM</Filter>
    </ClCompile>
    <ClCompile Include="..\..\src\FEM\SingleDomMP_Iter.cpp">
      <Filter>FEM</Filter>
    </ClCompile>
    <ClCompile Include="..\..\src\FEM\SingleDomNodIter.cpp">
      <Filter>FEM</Filter>
    </ClCompile>
    <ClCompile Include="..\..\src\FEM\SingleDomParamIter.cpp">
      <Filter>FEM</Filter>
    </ClCompile>
    <ClCompile Include="..\..\src\FEM\SingleDomPC_Iter.cpp">
      <Filter>FEM</Filter>
    </ClCompile>
    <ClCompile Include="..\..\src\FEM\SingleDomSP_Iter.cpp">
      <Filter>FEM</Filter>
    </ClCompile>
    <ClCompile Include="..\..\src\FEM\SolutionAlgorithm.cpp">
      <Filter>FEM</Filter>
    </ClCompile>
    <ClCompile Include="..\..\src\FEM\SP_Constraint.cpp">
      <Filter>FEM</Filter>
    </ClCompile>
    <ClCompile Include="..\..\src\FEM\SSPbrick.cpp">
      <Filter>FEM</Filter>
    </ClCompile>
    <ClCompile Include="..\..\src\FEM\SSPbrickUP.cpp">
      <Filter>FEM</Filter>
    </ClCompile>
    <ClCompile Include="..\..\src\FEM\SSPquad.cpp">
      <Filter>FEM</Filter>
    </ClCompile>
    <ClCompile Include="..\..\src\FEM\SSPquadUP.cpp">
      <Filter>FEM</Filter>
    </ClCompile>
    <ClCompile Include="..\..\src\FEM\StandardStream.cpp">
      <Filter>FEM</Filter>
    </ClCompile>
    <ClCompile Include="..\..\src\FEM\StaticAnalysis.cpp">
      <Filter>FEM</Filter>
    </ClCompile>
    <ClCompile Include="..\..\src\FEM\StaticIntegrator.cpp">
      <Filter>FEM</Filter>
    </ClCompile>
    <ClCompile Include="..\..\src\FEM\Subdomain.cpp">
      <Filter>FEM</Filter>
    </ClCompile>
    <ClCompile Include="..\..\src\FEM\SubdomainNodIter.cpp">
      <Filter>FEM</Filter>
    </ClCompile>
    <ClCompile Include="..\..\src\FEM\TaggedObject.cpp">
      <Filter>FEM</Filter>
    </ClCompile>
    <ClCompile Include="..\..\src\FEM\TimeSeries.cpp">
      <Filter>FEM</Filter>
    </ClCompile>
    <ClCompile Include="..\..\src\FEM\TimeSeriesIntegrator.cpp">
      <Filter>FEM</Filter>
    </ClCompile>
    <ClCompile Include="..\..\src\FEM\TransformationConstraintHandler.cpp">
      <Filter>FEM</Filter>
    </ClCompile>
    <ClCompile Include="..\..\src\FEM\TransformationDOF_Group.cpp">
      <Filter>FEM</Filter>
    </ClCompile>
    <ClCompile Include="..\..\src\FEM\TransformationFE.cpp">
      <Filter>FEM</Filter>
    </ClCompile>
    <ClCompile Include="..\..\src\FEM\TransientAnalysis.cpp">
      <Filter>FEM</Filter>
    </ClCompile>
    <ClCompile Include="..\..\src\FEM\TransientIntegrator.cpp">
      <Filter>FEM</Filter>
    </ClCompile>
    <ClCompile Include="..\..\src\FEM\TrapezoidalTimeSeriesIntegrator.cpp">
      <Filter>FEM</Filter>
    </ClCompile>
    <ClCompile Include="..\..\src\FEM\TzSimple1.cpp">
      <Filter>FEM</Filter>
    </ClCompile>
    <ClCompile Include="..\..\src\FEM\UmfpackGenLinSOE.cpp">
      <Filter>FEM</Filter>
    </ClCompile>
    <ClCompile Include="..\..\src\FEM\UmfpackGenLinSolver.cpp">
      <Filter>FEM</Filter>
    </ClCompile>
    <ClCompile Include="..\..\src\FEM\UniaxialMaterial.cpp">
      <Filter>FEM</Filter>
    </ClCompile>
    <ClCompile Include="..\..\src\FEM\UniformExcitation.cpp">
      <Filter>FEM</Filter>
    </ClCompile>
    <ClCompile Include="..\..\src\FEM\VariableTimeStepDirectIntegrationAnalysis.cpp">
      <Filter>FEM</Filter>
    </ClCompile>
    <ClCompile Include="..\..\src\FEM\Vector.cpp">
      <Filter>FEM</Filter>
    </ClCompile>
    <ClCompile Include="..\..\src\FEM\Vertex.cpp">
      <Filter>FEM</Filter>
    </ClCompile>
    <ClCompile Include="..\..\src\FEM\VertexIter.cpp">
      <Filter>FEM</Filter>
    </ClCompile>
    <ClCompile Include="..\..\src\FEM\ViscousMaterial.cpp">
      <Filter>FEM</Filter>
    </ClCompile>
    <ClCompile Include="..\..\src\FEM\ZeroLength.cpp">
      <Filter>FEM</Filter>
    </ClCompile>
    <ClCompile Include="..\..\src\FEM\NodalLoad.cpp">
      <Filter>FEM</Filter>
    </ClCompile>
  </ItemGroup>
  <ItemGroup>
    <ClInclude Include="..\..\src\FEM\Analysis.h">
      <Filter>FEM</Filter>
    </ClInclude>
    <ClInclude Include="..\..\src\FEM\AnalysisModel.h">
      <Filter>FEM</Filter>
    </ClInclude>
    <ClInclude Include="..\..\src\FEM\ArrayOfTaggedObjects.h">
      <Filter>FEM</Filter>
    </ClInclude>
    <ClInclude Include="..\..\src\FEM\ArrayOfTaggedObjectsIter.h">
      <Filter>FEM</Filter>
    </ClInclude>
    <ClInclude Include="..\..\src\FEM\BandGenLinLapackSolver.h">
      <Filter>FEM</Filter>
    </ClInclude>
    <ClInclude Include="..\..\src\FEM\BandGenLinSOE.h">
      <Filter>FEM</Filter>
    </ClInclude>
    <ClInclude Include="..\..\src\FEM\BandGenLinSolver.h">
      <Filter>FEM</Filter>
    </ClInclude>
    <ClInclude Include="..\..\src\FEM\BeamFiberMaterial.h">
      <Filter>FEM</Filter>
    </ClInclude>
    <ClInclude Include="..\..\src\FEM\BeamFiberMaterial2d.h">
      <Filter>FEM</Filter>
    </ClInclude>
    <ClInclude Include="..\..\src\FEM\BeamIntegration.h">
      <Filter>FEM</Filter>
    </ClInclude>
    <ClInclude Include="..\..\src\FEM\Brick.h">
      <Filter>FEM</Filter>
    </ClInclude>
    <ClInclude Include="..\..\src\FEM\Channel.h">
      <Filter>FEM</Filter>
    </ClInclude>
    <ClInclude Include="..\..\src\FEM\classTags.h">
      <Filter>FEM</Filter>
    </ClInclude>
    <ClInclude Include="..\..\src\FEM\ColorMap.h">
      <Filter>FEM</Filter>
    </ClInclude>
    <ClInclude Include="..\..\src\FEM\CompositeResponse.h">
      <Filter>FEM</Filter>
    </ClInclude>
    <ClInclude Include="..\..\src\FEM\ConstraintHandler.h">
      <Filter>FEM</Filter>
    </ClInclude>
    <ClInclude Include="..\..\src\FEM\ConvergenceTest.h">
      <Filter>FEM</Filter>
    </ClInclude>
    <ClInclude Include="..\..\src\FEM\CrdTransf.h">
      <Filter>FEM</Filter>
    </ClInclude>
    <ClInclude Include="..\..\src\FEM\CTestNormDispIncr.h">
      <Filter>FEM</Filter>
    </ClInclude>
    <ClInclude Include="..\..\src\FEM\DataFileStream.h">
      <Filter>FEM</Filter>
    </ClInclude>
    <ClInclude Include="..\..\src\FEM\DataFileStreamAdd.h">
      <Filter>FEM</Filter>
    </ClInclude>
    <ClInclude Include="..\..\src\FEM\DirectIntegrationAnalysis.h">
      <Filter>FEM</Filter>
    </ClInclude>
    <ClInclude Include="..\..\src\FEM\DispBeamColumn3d.h">
      <Filter>FEM</Filter>
    </ClInclude>
    <ClInclude Include="..\..\src\FEM\DispBeamColumn3dWithSensitivity.h">
      <Filter>FEM</Filter>
    </ClInclude>
    <ClInclude Include="..\..\src\FEM\DOF_Group.h">
      <Filter>FEM</Filter>
    </ClInclude>
    <ClInclude Include="..\..\src\FEM\DOF_GrpIter.h">
      <Filter>FEM</Filter>
    </ClInclude>
    <ClInclude Include="..\..\src\FEM\DOF_Numberer.h">
      <Filter>FEM</Filter>
    </ClInclude>
    <ClInclude Include="..\..\src\FEM\Domain.h">
      <Filter>FEM</Filter>
    </ClInclude>
    <ClInclude Include="..\..\src\FEM\DomainComponent.h">
      <Filter>FEM</Filter>
    </ClInclude>
    <ClInclude Include="..\..\src\FEM\DomainDecompositionAnalysis.h">
      <Filter>FEM</Filter>
    </ClInclude>
    <ClInclude Include="..\..\src\FEM\DummyStream.h">
      <Filter>FEM</Filter>
    </ClInclude>
    <ClInclude Include="..\..\src\FEM\EarthquakePattern.h">
      <Filter>FEM</Filter>
    </ClInclude>
    <ClInclude Include="..\..\src\FEM\EigenSOE.h">
      <Filter>FEM</Filter>
    </ClInclude>
    <ClInclude Include="..\..\src\FEM\ElasticIsotropicMaterial.h">
      <Filter>FEM</Filter>
    </ClInclude>
    <ClInclude Include="..\..\src\FEM\ElasticIsotropicPlaneStrain2D.h">
      <Filter>FEM</Filter>
    </ClInclude>
    <ClInclude Include="..\..\src\FEM\ElasticIsotropicThreeDimensional.h">
      <Filter>FEM</Filter>
    </ClInclude>
    <ClInclude Include="..\..\src\FEM\ElasticMaterial.h">
      <Filter>FEM</Filter>
    </ClInclude>
    <ClInclude Include="..\..\src\FEM\ElasticSection3d.h">
      <Filter>FEM</Filter>
    </ClInclude>
    <ClInclude Include="..\..\src\FEM\Element.h">
      <Filter>FEM</Filter>
    </ClInclude>
    <ClInclude Include="..\..\src\FEM\ElementalLoad.h">
      <Filter>FEM</Filter>
    </ClInclude>
    <ClInclude Include="..\..\src\FEM\ElementalLoadIter.h">
      <Filter>FEM</Filter>
    </ClInclude>
    <ClInclude Include="..\..\src\FEM\elementAPI.h">
      <Filter>FEM</Filter>
    </ClInclude>
    <ClInclude Include="..\..\src\FEM\ElementIter.h">
      <Filter>FEM</Filter>
    </ClInclude>
    <ClInclude Include="..\..\src\FEM\ElementRecorder.h">
      <Filter>FEM</Filter>
    </ClInclude>
    <ClInclude Include="..\..\src\FEM\ElementResponse.h">
      <Filter>FEM</Filter>
    </ClInclude>
    <ClInclude Include="..\..\src\FEM\ElementStateParameter.h">
      <Filter>FEM</Filter>
    </ClInclude>
    <ClInclude Include="..\..\src\FEM\EquiSolnAlgo.h">
      <Filter>FEM</Filter>
    </ClInclude>
    <ClInclude Include="..\..\src\FEM\ErrorHandler.h">
      <Filter>FEM</Filter>
    </ClInclude>
    <ClInclude Include="..\..\src\FEM\FEM_ObjectBroker.h">
      <Filter>FEM</Filter>
    </ClInclude>
    <ClInclude Include="..\..\src\FEM\FE_Datastore.h">
      <Filter>FEM</Filter>
    </ClInclude>
    <ClInclude Include="..\..\src\FEM\FE_EleIter.h">
      <Filter>FEM</Filter>
    </ClInclude>
    <ClInclude Include="..\..\src\FEM\FE_Element.h">
      <Filter>FEM</Filter>
    </ClInclude>
    <ClInclude Include="..\..\src\FEM\Fiber.h">
      <Filter>FEM</Filter>
    </ClInclude>
    <ClInclude Include="..\..\src\FEM\FiberResponse.h">
      <Filter>FEM</Filter>
    </ClInclude>
    <ClInclude Include="..\..\src\FEM\File.h">
      <Filter>FEM</Filter>
    </ClInclude>
    <ClInclude Include="..\..\src\FEM\FileIter.h">
      <Filter>FEM</Filter>
    </ClInclude>
    <ClInclude Include="..\..\src\FEM\FileStream.h">
      <Filter>FEM</Filter>
    </ClInclude>
    <ClInclude Include="..\..\src\FEM\FrictionModel.h">
      <Filter>FEM</Filter>
    </ClInclude>
    <ClInclude Include="..\..\src\FEM\FrictionResponse.h">
      <Filter>FEM</Filter>
    </ClInclude>
    <ClInclude Include="..\..\src\FEM\G3Globals.h">
      <Filter>FEM</Filter>
    </ClInclude>
    <ClInclude Include="..\..\src\FEM\Graph.h">
      <Filter>FEM</Filter>
    </ClInclude>
    <ClInclude Include="..\..\src\FEM\GraphNumberer.h">
      <Filter>FEM</Filter>
    </ClInclude>
    <ClInclude Include="..\..\src\FEM\GroundMotion.h">
      <Filter>FEM</Filter>
    </ClInclude>
    <ClInclude Include="..\..\src\FEM\HHT.h">
      <Filter>FEM</Filter>
    </ClInclude>
    <ClInclude Include="..\..\src\FEM\ID.h">
      <Filter>FEM</Filter>
    </ClInclude>
    <ClInclude Include="..\..\src\FEM\ImposedMotionSP.h">
      <Filter>FEM</Filter>
    </ClInclude>
    <ClInclude Include="..\..\src\FEM\IncrementalIntegrator.h">
      <Filter>FEM</Filter>
    </ClInclude>
    <ClInclude Include="..\..\src\FEM\Information.h">
      <Filter>FEM</Filter>
    </ClInclude>
    <ClInclude Include="..\..\src\FEM\Integrator.h">
      <Filter>FEM</Filter>
    </ClInclude>
    <ClInclude Include="..\..\src\FEM\J2CyclicBoundingSurface.h">
      <Filter>FEM</Filter>
    </ClInclude>
    <ClInclude Include="..\..\src\FEM\LegendreBeamIntegration.h">
      <Filter>FEM</Filter>
    </ClInclude>
    <ClInclude Include="..\..\src\FEM\LinearCrdTransf3d.h">
      <Filter>FEM</Filter>
    </ClInclude>
    <ClInclude Include="..\..\src\FEM\LinearSeries.h">
      <Filter>FEM</Filter>
    </ClInclude>
    <ClInclude Include="..\..\src\FEM\LinearSOE.h">
      <Filter>FEM</Filter>
    </ClInclude>
    <ClInclude Include="..\..\src\FEM\LinearSOESolver.h">
      <Filter>FEM</Filter>
    </ClInclude>
    <ClInclude Include="..\..\src\FEM\Load.h">
      <Filter>FEM</Filter>
    </ClInclude>
    <ClInclude Include="..\..\src\FEM\LoadControl.h">
      <Filter>FEM</Filter>
    </ClInclude>
    <ClInclude Include="..\..\src\FEM\LoadPattern.h">
      <Filter>FEM</Filter>
    </ClInclude>
    <ClInclude Include="..\..\src\FEM\LoadPatternIter.h">
      <Filter>FEM</Filter>
    </ClInclude>
    <ClInclude Include="..\..\src\FEM\MapOfTaggedObjects.h">
      <Filter>FEM</Filter>
    </ClInclude>
    <ClInclude Include="..\..\src\FEM\MapOfTaggedObjectsIter.h">
      <Filter>FEM</Filter>
    </ClInclude>
    <ClInclude Include="..\..\src\FEM\Material.h">
      <Filter>FEM</Filter>
    </ClInclude>
    <ClInclude Include="..\..\src\FEM\MaterialResponse.h">
      <Filter>FEM</Filter>
    </ClInclude>
    <ClInclude Include="..\..\src\FEM\Matrix.h">
      <Filter>FEM</Filter>
    </ClInclude>
    <ClInclude Include="..\..\src\FEM\MatrixUtil.h">
      <Filter>FEM</Filter>
    </ClInclude>
    <ClInclude Include="..\..\src\FEM\MeshRegion.h">
      <Filter>FEM</Filter>
    </ClInclude>
    <ClInclude Include="..\..\src\FEM\Message.h">
      <Filter>FEM</Filter>
    </ClInclude>
    <ClInclude Include="..\..\src\FEM\MovableObject.h">
      <Filter>FEM</Filter>
    </ClInclude>
    <ClInclude Include="..\..\src\FEM\MP_Constraint.h">
      <Filter>FEM</Filter>
    </ClInclude>
    <ClInclude Include="..\..\src\FEM\MP_ConstraintIter.h">
      <Filter>FEM</Filter>
    </ClInclude>
    <ClInclude Include="..\..\src\FEM\MultiSupportPattern.h">
      <Filter>FEM</Filter>
    </ClInclude>
    <ClInclude Include="..\..\src\FEM\NDMaterial.h">
      <Filter>FEM</Filter>
    </ClInclude>
    <ClInclude Include="..\..\src\FEM\Newmark.h">
      <Filter>FEM</Filter>
    </ClInclude>
    <ClInclude Include="..\..\src\FEM\NewtonRaphson.h">
      <Filter>FEM</Filter>
    </ClInclude>
    <ClInclude Include="..\..\src\FEM\NodalLoad.h">
      <Filter>FEM</Filter>
    </ClInclude>
    <ClInclude Include="..\..\src\FEM\NodalLoadIter.h">
      <Filter>FEM</Filter>
    </ClInclude>
    <ClInclude Include="..\..\src\FEM\Node.h">
      <Filter>FEM</Filter>
    </ClInclude>
    <ClInclude Include="..\..\src\FEM\NodeIter.h">
      <Filter>FEM</Filter>
    </ClInclude>
    <ClInclude Include="..\..\src\FEM\NodeRecorder.h">
      <Filter>FEM</Filter>
    </ClInclude>
    <ClInclude Include="..\..\src\FEM\ObjectBroker.h">
      <Filter>FEM</Filter>
    </ClInclude>
    <ClInclude Include="..\..\src\FEM\OPS_Globals.h">
      <Filter>FEM</Filter>
    </ClInclude>
    <ClInclude Include="..\..\src\FEM\OPS_Stream.h">
      <Filter>FEM</Filter>
    </ClInclude>
    <ClInclude Include="..\..\src\FEM\Parameter.h">
      <Filter>FEM</Filter>
    </ClInclude>
    <ClInclude Include="..\..\src\FEM\ParameterIter.h">
      <Filter>FEM</Filter>
    </ClInclude>
    <ClInclude Include="..\..\src\FEM\PathSeries.h">
      <Filter>FEM</Filter>
    </ClInclude>
    <ClInclude Include="..\..\src\FEM\PathTimeSeries.h">
      <Filter>FEM</Filter>
    </ClInclude>
    <ClInclude Include="..\..\src\FEM\PenaltyConstraintHandler.h">
      <Filter>FEM</Filter>
    </ClInclude>
    <ClInclude Include="..\..\src\FEM\PenaltyMP_FE.h">
      <Filter>FEM</Filter>
    </ClInclude>
    <ClInclude Include="..\..\src\FEM\PenaltySP_FE.h">
      <Filter>FEM</Filter>
    </ClInclude>
    <ClInclude Include="..\..\src\FEM\PlainMap.h">
      <Filter>FEM</Filter>
    </ClInclude>
    <ClInclude Include="..\..\src\FEM\PlainNumberer.h">
      <Filter>FEM</Filter>
    </ClInclude>
    <ClInclude Include="..\..\src\FEM\PlaneStrainMaterial.h">
      <Filter>FEM</Filter>
    </ClInclude>
    <ClInclude Include="..\..\src\FEM\PlaneStressMaterial.h">
      <Filter>FEM</Filter>
    </ClInclude>
    <ClInclude Include="..\..\src\FEM\PlateFiberMaterial.h">
      <Filter>FEM</Filter>
    </ClInclude>
    <ClInclude Include="..\..\src\FEM\PM4Sand.h">
      <Filter>FEM</Filter>
    </ClInclude>
    <ClInclude Include="..\..\src\FEM\PM4Silt.h">
      <Filter>FEM</Filter>
    </ClInclude>
    <ClInclude Include="..\..\src\FEM\Pressure_Constraint.h">
      <Filter>FEM</Filter>
    </ClInclude>
    <ClInclude Include="..\..\src\FEM\Pressure_ConstraintIter.h">
      <Filter>FEM</Filter>
    </ClInclude>
    <ClInclude Include="..\..\src\FEM\PySimple1.h">
      <Filter>FEM</Filter>
    </ClInclude>
    <ClInclude Include="..\..\src\FEM\QzSimple1.h">
      <Filter>FEM</Filter>
    </ClInclude>
    <ClInclude Include="..\..\src\FEM\RCM.h">
      <Filter>FEM</Filter>
    </ClInclude>
    <ClInclude Include="..\..\src\FEM\Recorder.h">
      <Filter>FEM</Filter>
    </ClInclude>
    <ClInclude Include="..\..\src\FEM\Renderer.h">
      <Filter>FEM</Filter>
    </ClInclude>
    <ClInclude Include="..\..\src\FEM\Response.h">
      <Filter>FEM</Filter>
    </ClInclude>
    <ClInclude Include="..\..\src\FEM\SectionForceDeformation.h">
      <Filter>FEM</Filter>
    </ClInclude>
    <ClInclude Include="..\..\src\FEM\shp3d.h">
      <Filter>FEM</Filter>
    </ClInclude>
    <ClInclude Include="..\..\src\FEM\SimpsonTimeSeriesIntegrator.h">
      <Filter>FEM</Filter>
    </ClInclude>
    <ClInclude Include="..\..\src\FEM\SimulationInformation.h">
      <Filter>FEM</Filter>
    </ClInclude>
    <ClInclude Include="..\..\src\FEM\SingleDomAllSP_Iter.h">
      <Filter>FEM</Filter>
    </ClInclude>
    <ClInclude Include="..\..\src\FEM\SingleDomEleIter.h">
      <Filter>FEM</Filter>
    </ClInclude>
    <ClInclude Include="..\..\src\FEM\SingleDomMP_Iter.h">
      <Filter>FEM</Filter>
    </ClInclude>
    <ClInclude Include="..\..\src\FEM\SingleDomNodIter.h">
      <Filter>FEM</Filter>
    </ClInclude>
    <ClInclude Include="..\..\src\FEM\SingleDomParamIter.h">
      <Filter>FEM</Filter>
    </ClInclude>
    <ClInclude Include="..\..\src\FEM\SingleDomPC_Iter.h">
      <Filter>FEM</Filter>
    </ClInclude>
    <ClInclude Include="..\..\src\FEM\SingleDomSP_Iter.h">
      <Filter>FEM</Filter>
    </ClInclude>
    <ClInclude Include="..\..\src\FEM\SolutionAlgorithm.h">
      <Filter>FEM</Filter>
    </ClInclude>
    <ClInclude Include="..\..\src\FEM\SP_Constraint.h">
      <Filter>FEM</Filter>
    </ClInclude>
    <ClInclude Include="..\..\src\FEM\SP_ConstraintIter.h">
      <Filter>FEM</Filter>
    </ClInclude>
    <ClInclude Include="..\..\src\FEM\SSPbrick.h">
      <Filter>FEM</Filter>
    </ClInclude>
    <ClInclude Include="..\..\src\FEM\SSPbrickUP.h">
      <Filter>FEM</Filter>
    </ClInclude>
    <ClInclude Include="..\..\src\FEM\SSPquad.h">
      <Filter>FEM</Filter>
    </ClInclude>
    <ClInclude Include="..\..\src\FEM\SSPquadUP.h">
      <Filter>FEM</Filter>
    </ClInclude>
    <ClInclude Include="..\..\src\FEM\StandardStream.h">
      <Filter>FEM</Filter>
    </ClInclude>
    <ClInclude Include="..\..\src\FEM\StaticAnalysis.h">
      <Filter>FEM</Filter>
    </ClInclude>
    <ClInclude Include="..\..\src\FEM\StaticIntegrator.h">
      <Filter>FEM</Filter>
    </ClInclude>
    <ClInclude Include="..\..\src\FEM\StringContainer.h">
      <Filter>FEM</Filter>
    </ClInclude>
    <ClInclude Include="..\..\src\FEM\Subdomain.h">
      <Filter>FEM</Filter>
    </ClInclude>
    <ClInclude Include="..\..\src\FEM\SubdomainNodIter.h">
      <Filter>FEM</Filter>
    </ClInclude>
    <ClInclude Include="..\..\src\FEM\TaggedObject.h">
      <Filter>FEM</Filter>
    </ClInclude>
    <ClInclude Include="..\..\src\FEM\TaggedObjectIter.h">
      <Filter>FEM</Filter>
    </ClInclude>
    <ClInclude Include="..\..\src\FEM\TaggedObjectStorage.h">
      <Filter>FEM</Filter>
    </ClInclude>
    <ClInclude Include="..\..\src\FEM\TimeSeries.h">
      <Filter>FEM</Filter>
    </ClInclude>
    <ClInclude Include="..\..\src\FEM\TimeSeriesIntegrator.h">
      <Filter>FEM</Filter>
    </ClInclude>
    <ClInclude Include="..\..\src\FEM\TransformationConstraintHandler.h">
      <Filter>FEM</Filter>
    </ClInclude>
    <ClInclude Include="..\..\src\FEM\TransformationDOF_Group.h">
      <Filter>FEM</Filter>
    </ClInclude>
    <ClInclude Include="..\..\src\FEM\TransformationFE.h">
      <Filter>FEM</Filter>
    </ClInclude>
    <ClInclude Include="..\..\src\FEM\TransientAnalysis.h">
      <Filter>FEM</Filter>
    </ClInclude>
    <ClInclude Include="..\..\src\FEM\TransientIntegrator.h">
      <Filter>FEM</Filter>
    </ClInclude>
    <ClInclude Include="..\..\src\FEM\TrapezoidalTimeSeriesIntegrator.h">
      <Filter>FEM</Filter>
    </ClInclude>
    <ClInclude Include="..\..\src\FEM\TzSimple1.h">
      <Filter>FEM</Filter>
    </ClInclude>
    <ClInclude Include="..\..\src\FEM\UmfpackGenLinSOE.h">
      <Filter>FEM</Filter>
    </ClInclude>
    <ClInclude Include="..\..\src\FEM\UmfpackGenLinSolver.h">
      <Filter>FEM</Filter>
    </ClInclude>
    <ClInclude Include="..\..\src\FEM\UniaxialMaterial.h">
      <Filter>FEM</Filter>
    </ClInclude>
    <ClInclude Include="..\..\src\FEM\UniformExcitation.h">
      <Filter>FEM</Filter>
    </ClInclude>
    <ClInclude Include="..\..\src\FEM\VariableTimeStepDirectIntegrationAnalysis.h">
      <Filter>FEM</Filter>
    </ClInclude>
    <ClInclude Include="..\..\src\FEM\Vector.h">
      <Filter>FEM</Filter>
    </ClInclude>
    <ClInclude Include="..\..\src\FEM\Vertex.h">
      <Filter>FEM</Filter>
    </ClInclude>
    <ClInclude Include="..\..\src\FEM\VertexIter.h">
      <Filter>FEM</Filter>
    </ClInclude>
    <ClInclude Include="..\..\src\FEM\ViscousMaterial.h">
      <Filter>FEM</Filter>
    </ClInclude>
    <ClInclude Include="..\..\src\FEM\ZeroLength.h">
      <Filter>FEM</Filter>
    </ClInclude>
  </ItemGroup>
</Project>